
Microsoft Visual Studio Solution File, Format Version 12.00
# Visual Studio Version 16
VisualStudioVersion = 16.0.29411.108
MinimumVisualStudioVersion = 10.0.40219.1
Project("{FAE04EC0-301F-11D3-BF4B-00C04F79EFBC}") = "TCC_HELP_DESK", "TCC_HELP_DESK\TCC_HELP_DESK.csproj", "{39655138-172A-464D-9DCF-27A3CFEF41CA}"
EndProject
Global
	GlobalSection(SolutionConfigurationPlatforms) = preSolution
		Debug|Any CPU = Debug|Any CPU
		Release|Any CPU = Release|Any CPU
	EndGlobalSection
	GlobalSection(ProjectConfigurationPlatforms) = postSolution
		{39655138-172A-464D-9DCF-27A3CFEF41CA}.Debug|Any CPU.ActiveCfg = Debug|Any CPU
		{39655138-172A-464D-9DCF-27A3CFEF41CA}.Debug|Any CPU.Build.0 = Debug|Any CPU
		{39655138-172A-464D-9DCF-27A3CFEF41CA}.Release|Any CPU.ActiveCfg = Release|Any CPU
		{39655138-172A-464D-9DCF-27A3CFEF41CA}.Release|Any CPU.Build.0 = Release|Any CPU
	EndGlobalSection
	GlobalSection(SolutionProperties) = preSolution
		HideSolutionNode = FALSE
	EndGlobalSection
	GlobalSection(ExtensibilityGlobals) = postSolution
		SolutionGuid = {2C2E10AF-C457-413E-ADB8-B820BA89DF72}
	EndGlobalSection
EndGlobal
